
Microsoft Visual Studio Solution File, Format Version 12.00
# Visual Studio 15
VisualStudioVersion = 15.0.27703.2047
MinimumVisualStudioVersion = 10.0.40219.1
Project("{FAE04EC0-301F-11D3-BF4B-00C04F79EFBC}") = "coreLY", "coreLY\coreLY.csproj", "{AF89419C-28A6-4C54-962A-534339326634}"
EndProject
Global
	GlobalSection(SolutionConfigurationPlatforms) = preSolution
		Debug|Any CPU = Debug|Any CPU
		Release|Any CPU = Release|Any CPU
	EndGlobalSection
	GlobalSection(ProjectConfigurationPlatforms) = postSolution
		{AF89419C-28A6-4C54-962A-534339326634}.Debug|Any CPU.ActiveCfg = Debug|Any CPU
		{AF89419C-28A6-4C54-962A-534339326634}.Debug|Any CPU.Build.0 = Debug|Any CPU
		{AF89419C-28A6-4C54-962A-534339326634}.Release|Any CPU.ActiveCfg = Release|Any CPU
		{AF89419C-28A6-4C54-962A-534339326634}.Release|Any CPU.Build.0 = Release|Any CPU
	EndGlobalSection
	GlobalSection(SolutionProperties) = preSolution
		HideSolutionNode = FALSE
	EndGlobalSection
	GlobalSection(ExtensibilityGlobals) = postSolution
		SolutionGuid = {1BA23253-B1B4-4629-A1F2-E7ED235EF911}
	EndGlobalSection
EndGlobal
